// !$*UTF8*$!
{
	archiveVersion = 1;
	classes = {
	};
	objectVersion = 46;
	objects = {

/* Begin PBXBuildFile section */
		770784B71B24725900C96B40 /* MatchPlayersReusableView.swift in Sources */ = {isa = PBXBuildFile; fileRef = 770784B61B24725900C96B40 /* MatchPlayersReusableView.swift */; };
		770784B91B24EA1F00C96B40 /* MatchCardStandardLayout.swift in Sources */ = {isa = PBXBuildFile; fileRef = 770784B81B24EA1F00C96B40 /* MatchCardStandardLayout.swift */; };
		772F712F1B54541A00F1BDD1 /* ClubInLeagueModel.swift in Sources */ = {isa = PBXBuildFile; fileRef = 772F712E1B54541A00F1BDD1 /* ClubInLeagueModel.swift */; };
		773BC0FD1B3395000062CC4C /* MatchPlayersReusableView.xib in Resources */ = {isa = PBXBuildFile; fileRef = 773BC0FC1B3395000062CC4C /* MatchPlayersReusableView.xib */; };
		773BC0FF1B38A4390062CC4C /* PlayerViewCell.xib in Resources */ = {isa = PBXBuildFile; fileRef = 773BC0FE1B38A4390062CC4C /* PlayerViewCell.xib */; };
		773BC1011B38A5DB0062CC4C /* PlayerViewCell.swift in Sources */ = {isa = PBXBuildFile; fileRef = 773BC1001B38A5DB0062CC4C /* PlayerViewCell.swift */; };
		773BC1041B39B7700062CC4C /* MatchHeaderReusableView.swift in Sources */ = {isa = PBXBuildFile; fileRef = 773BC1031B39B7700062CC4C /* MatchHeaderReusableView.swift */; };
		773BC1061B39B8320062CC4C /* MatchHeaderReusableView.xib in Resources */ = {isa = PBXBuildFile; fileRef = 773BC1051B39B8320062CC4C /* MatchHeaderReusableView.xib */; };
		776DDC9D1B57F2B400AB571F /* MatchPlayersStandardLayout.swift in Sources */ = {isa = PBXBuildFile; fileRef = 776DDC9C1B57F2B400AB571F /* MatchPlayersStandardLayout.swift */; };
		7771CE801B283D5C00EA3D09 /* Config.plist in Resources */ = {isa = PBXBuildFile; fileRef = 7771CE7F1B283D5C00EA3D09 /* Config.plist */; };
		7771CE821B283E0000EA3D09 /* Common.swift in Sources */ = {isa = PBXBuildFile; fileRef = 7771CE811B283E0000EA3D09 /* Common.swift */; };
		7771D8831B3DA01300C24FF9 /* DataManager.swift in Sources */ = {isa = PBXBuildFile; fileRef = 7771D8821B3DA01300C24FF9 /* DataManager.swift */; };
		777A7A261B3B1CFD00FF9342 /* ScoreHeaderReusableView.swift in Sources */ = {isa = PBXBuildFile; fileRef = 777A7A251B3B1CFD00FF9342 /* ScoreHeaderReusableView.swift */; };
		777A7A281B3B1F3400FF9342 /* ScoreHeaderReusableView.xib in Resources */ = {isa = PBXBuildFile; fileRef = 777A7A271B3B1F3300FF9342 /* ScoreHeaderReusableView.xib */; };
		777B5E721B1F6E9400F19B8B /* TeamInMatchModel.swift in Sources */ = {isa = PBXBuildFile; fileRef = 777B5E711B1F6E9400F19B8B /* TeamInMatchModel.swift */; };
		777B5E741B20BA7B00F19B8B /* MatchEntryModel.swift in Sources */ = {isa = PBXBuildFile; fileRef = 777B5E731B20BA7B00F19B8B /* MatchEntryModel.swift */; };
		7792F2E31B545F8D0007C0F2 /* PlayerInTeamModel.swift in Sources */ = {isa = PBXBuildFile; fileRef = 7792F2E21B545F8D0007C0F2 /* PlayerInTeamModel.swift */; };
		779864041B1CC7C400B3B748 /* PlayerInMatchModel.swift in Sources */ = {isa = PBXBuildFile; fileRef = 779864031B1CC7C400B3B748 /* PlayerInMatchModel.swift */; };
		779C79321B1F394100EE68AE /* LeagueModel.swift in Sources */ = {isa = PBXBuildFile; fileRef = 779C79311B1F394100EE68AE /* LeagueModel.swift */; };
		779C79341B1F42C100EE68AE /* ClubModel.swift in Sources */ = {isa = PBXBuildFile; fileRef = 779C79331B1F42C100EE68AE /* ClubModel.swift */; };
		779C79361B1F443900EE68AE /* PFObjectImaged.swift in Sources */ = {isa = PBXBuildFile; fileRef = 779C79351B1F443900EE68AE /* PFObjectImaged.swift */; };
		779C79381B1F46D600EE68AE /* TeamInClubModel.swift in Sources */ = {isa = PBXBuildFile; fileRef = 779C79371B1F46D600EE68AE /* TeamInClubModel.swift */; };
		77A1A9591B594B6900C20835 /* PlayerInClubModel.swift in Sources */ = {isa = PBXBuildFile; fileRef = 77A1A9581B594B6900C20835 /* PlayerInClubModel.swift */; };
		77A446F91B418C45000C5A6B /* ContainerViewController.swift in Sources */ = {isa = PBXBuildFile; fileRef = 77A446F81B418C45000C5A6B /* ContainerViewController.swift */; };
		77A446FB1B418D8C000C5A6B /* SidePanelViewController.swift in Sources */ = {isa = PBXBuildFile; fileRef = 77A446FA1B418D8C000C5A6B /* SidePanelViewController.swift */; };
		77A446FD1B4193EC000C5A6B /* MenuItem.swift in Sources */ = {isa = PBXBuildFile; fileRef = 77A446FC1B4193EC000C5A6B /* MenuItem.swift */; };
		77ACC7A51B2709CC0078C6FA /* MatchEntryCell.xib in Resources */ = {isa = PBXBuildFile; fileRef = 77ACC7A41B2709CC0078C6FA /* MatchEntryCell.xib */; };
		77BC54C51B1C9BC80046F3C4 /* RightAlignedCollectionViewCell.swift in Sources */ = {isa = PBXBuildFile; fileRef = 77BC54C41B1C9BC80046F3C4 /* RightAlignedCollectionViewCell.swift */; };
		77BE570B1B17B4A400E88630 /* PlayerModel.swift in Sources */ = {isa = PBXBuildFile; fileRef = 77BE570A1B17B4A400E88630 /* PlayerModel.swift */; };
		77D69B4E1B16394E0053EB10 /* AppDelegate.swift in Sources */ = {isa = PBXBuildFile; fileRef = 77D69B4D1B16394E0053EB10 /* AppDelegate.swift */; };
		77D69B531B16394E0053EB10 /* Main.storyboard in Resources */ = {isa = PBXBuildFile; fileRef = 77D69B511B16394E0053EB10 /* Main.storyboard */; };
		77D69B551B16394E0053EB10 /* Images.xcassets in Resources */ = {isa = PBXBuildFile; fileRef = 77D69B541B16394E0053EB10 /* Images.xcassets */; };
		77D69B581B16394E0053EB10 /* LaunchScreen.xib in Resources */ = {isa = PBXBuildFile; fileRef = 77D69B561B16394E0053EB10 /* LaunchScreen.xib */; };
		77D69B641B16394E0053EB10 /* MatchCardTests.swift in Sources */ = {isa = PBXBuildFile; fileRef = 77D69B631B16394E0053EB10 /* MatchCardTests.swift */; };
		77EB9D921B224B1E00DD93D9 /* MatchEntryCell.swift in Sources */ = {isa = PBXBuildFile; fileRef = 77EB9D911B224B1E00DD93D9 /* MatchEntryCell.swift */; };
		77EB9D941B225A4B00DD93D9 /* MatchCardViewController.swift in Sources */ = {isa = PBXBuildFile; fileRef = 77EB9D931B225A4B00DD93D9 /* MatchCardViewController.swift */; };
		77EFCA381B1BEAFC00779BAF /* MatchCardModel.swift in Sources */ = {isa = PBXBuildFile; fileRef = 77EFCA371B1BEAFC00779BAF /* MatchCardModel.swift */; };
		77FA4B481B277D4E0093C5CB /* MatchEntryEditLayout.swift in Sources */ = {isa = PBXBuildFile; fileRef = 77FA4B471B277D4E0093C5CB /* MatchEntryEditLayout.swift */; };
		77FA4B4C1B278AD50093C5CB /* CaretlessTextField.swift in Sources */ = {isa = PBXBuildFile; fileRef = 77FA4B4B1B278AD50093C5CB /* CaretlessTextField.swift */; };
		B543514E4F1418C41BDAC0EA /* Pods_MatchCard.framework in Frameworks */ = {isa = PBXBuildFile; fileRef = C8FD260B4B1249FB3F441E3F /* Pods_MatchCard.framework */; settings = {ATTRIBUTES = (Weak, ); }; };
/* End PBXBuildFile section */

/* Begin PBXContainerItemProxy section */
		77D69B5E1B16394E0053EB10 /* PBXContainerItemProxy */ = {
			isa = PBXContainerItemProxy;
			containerPortal = 77D69B401B16394E0053EB10 /* Project object */;
			proxyType = 1;
			remoteGlobalIDString = 77D69B471B16394E0053EB10;
			remoteInfo = MatchCard;
		};
/* End PBXContainerItemProxy section */

/* Begin PBXFileReference section */
		02EA6AD91C2F3833AAE93969 /* Pods-MatchCard.release.xcconfig */ = {isa = PBXFileReference; includeInIndex = 1; lastKnownFileType = text.xcconfig; name = "Pods-MatchCard.release.xcconfig"; path = "Pods/Target Support Files/Pods-MatchCard/Pods-MatchCard.release.xcconfig"; sourceTree = "<group>"; };
		770784B61B24725900C96B40 /* MatchPlayersReusableView.swift */ = {isa = PBXFileReference; fileEncoding = 4; lastKnownFileType = sourcecode.swift; path = MatchPlayersReusableView.swift; sourceTree = "<group>"; };
		770784B81B24EA1F00C96B40 /* MatchCardStandardLayout.swift */ = {isa = PBXFileReference; fileEncoding = 4; lastKnownFileType = sourcecode.swift; path = MatchCardStandardLayout.swift; sourceTree = "<group>"; };
		772F712E1B54541A00F1BDD1 /* ClubInLeagueModel.swift */ = {isa = PBXFileReference; fileEncoding = 4; lastKnownFileType = sourcecode.swift; path = ClubInLeagueModel.swift; sourceTree = "<group>"; };
		773BC0FC1B3395000062CC4C /* MatchPlayersReusableView.xib */ = {isa = PBXFileReference; fileEncoding = 4; lastKnownFileType = file.xib; path = MatchPlayersReusableView.xib; sourceTree = "<group>"; };
		773BC0FE1B38A4390062CC4C /* PlayerViewCell.xib */ = {isa = PBXFileReference; fileEncoding = 4; lastKnownFileType = file.xib; path = PlayerViewCell.xib; sourceTree = "<group>"; };
		773BC1001B38A5DB0062CC4C /* PlayerViewCell.swift */ = {isa = PBXFileReference; fileEncoding = 4; lastKnownFileType = sourcecode.swift; path = PlayerViewCell.swift; sourceTree = "<group>"; };
		773BC1031B39B7700062CC4C /* MatchHeaderReusableView.swift */ = {isa = PBXFileReference; fileEncoding = 4; lastKnownFileType = sourcecode.swift; path = MatchHeaderReusableView.swift; sourceTree = "<group>"; };
		773BC1051B39B8320062CC4C /* MatchHeaderReusableView.xib */ = {isa = PBXFileReference; fileEncoding = 4; lastKnownFileType = file.xib; path = MatchHeaderReusableView.xib; sourceTree = "<group>"; };
		776DDC9C1B57F2B400AB571F /* MatchPlayersStandardLayout.swift */ = {isa = PBXFileReference; fileEncoding = 4; lastKnownFileType = sourcecode.swift; path = MatchPlayersStandardLayout.swift; sourceTree = "<group>"; };
		7771CE7F1B283D5C00EA3D09 /* Config.plist */ = {isa = PBXFileReference; fileEncoding = 4; lastKnownFileType = text.plist.xml; path = Config.plist; sourceTree = "<group>"; };
		7771CE811B283E0000EA3D09 /* Common.swift */ = {isa = PBXFileReference; fileEncoding = 4; lastKnownFileType = sourcecode.swift; path = Common.swift; sourceTree = "<group>"; };
		7771D8821B3DA01300C24FF9 /* DataManager.swift */ = {isa = PBXFileReference; fileEncoding = 4; lastKnownFileType = sourcecode.swift; path = DataManager.swift; sourceTree = "<group>"; };
		777A7A251B3B1CFD00FF9342 /* ScoreHeaderReusableView.swift */ = {isa = PBXFileReference; fileEncoding = 4; lastKnownFileType = sourcecode.swift; path = ScoreHeaderReusableView.swift; sourceTree = "<group>"; };
		777A7A271B3B1F3300FF9342 /* ScoreHeaderReusableView.xib */ = {isa = PBXFileReference; fileEncoding = 4; lastKnownFileType = file.xib; path = ScoreHeaderReusableView.xib; sourceTree = "<group>"; };
		777B5E711B1F6E9400F19B8B /* TeamInMatchModel.swift */ = {isa = PBXFileReference; fileEncoding = 4; lastKnownFileType = sourcecode.swift; path = TeamInMatchModel.swift; sourceTree = "<group>"; };
		777B5E731B20BA7B00F19B8B /* MatchEntryModel.swift */ = {isa = PBXFileReference; fileEncoding = 4; lastKnownFileType = sourcecode.swift; path = MatchEntryModel.swift; sourceTree = "<group>"; };
		7792F2E21B545F8D0007C0F2 /* PlayerInTeamModel.swift */ = {isa = PBXFileReference; fileEncoding = 4; lastKnownFileType = sourcecode.swift; path = PlayerInTeamModel.swift; sourceTree = "<group>"; };
		779864031B1CC7C400B3B748 /* PlayerInMatchModel.swift */ = {isa = PBXFileReference; fileEncoding = 4; lastKnownFileType = sourcecode.swift; path = PlayerInMatchModel.swift; sourceTree = "<group>"; };
		779C79311B1F394100EE68AE /* LeagueModel.swift */ = {isa = PBXFileReference; fileEncoding = 4; lastKnownFileType = sourcecode.swift; path = LeagueModel.swift; sourceTree = "<group>"; };
		779C79331B1F42C100EE68AE /* ClubModel.swift */ = {isa = PBXFileReference; fileEncoding = 4; lastKnownFileType = sourcecode.swift; path = ClubModel.swift; sourceTree = "<group>"; };
		779C79351B1F443900EE68AE /* PFObjectImaged.swift */ = {isa = PBXFileReference; fileEncoding = 4; lastKnownFileType = sourcecode.swift; path = PFObjectImaged.swift; sourceTree = "<group>"; };
		779C79371B1F46D600EE68AE /* TeamInClubModel.swift */ = {isa = PBXFileReference; fileEncoding = 4; lastKnownFileType = sourcecode.swift; path = TeamInClubModel.swift; sourceTree = "<group>"; };
		77A1A9581B594B6900C20835 /* PlayerInClubModel.swift */ = {isa = PBXFileReference; fileEncoding = 4; lastKnownFileType = sourcecode.swift; path = PlayerInClubModel.swift; sourceTree = "<group>"; };
		77A446F81B418C45000C5A6B /* ContainerViewController.swift */ = {isa = PBXFileReference; fileEncoding = 4; lastKnownFileType = sourcecode.swift; path = ContainerViewController.swift; sourceTree = "<group>"; };
		77A446FA1B418D8C000C5A6B /* SidePanelViewController.swift */ = {isa = PBXFileReference; fileEncoding = 4; lastKnownFileType = sourcecode.swift; path = SidePanelViewController.swift; sourceTree = "<group>"; };
		77A446FC1B4193EC000C5A6B /* MenuItem.swift */ = {isa = PBXFileReference; fileEncoding = 4; lastKnownFileType = sourcecode.swift; path = MenuItem.swift; sourceTree = "<group>"; };
		77ACC7A41B2709CC0078C6FA /* MatchEntryCell.xib */ = {isa = PBXFileReference; fileEncoding = 4; lastKnownFileType = file.xib; path = MatchEntryCell.xib; sourceTree = "<group>"; };
		77BC54C21B1C8D0E0046F3C4 /* MatchCard-Bridging-Header.h */ = {isa = PBXFileReference; lastKnownFileType = sourcecode.c.h; path = "MatchCard-Bridging-Header.h"; sourceTree = "<group>"; };
		77BC54C41B1C9BC80046F3C4 /* RightAlignedCollectionViewCell.swift */ = {isa = PBXFileReference; fileEncoding = 4; lastKnownFileType = sourcecode.swift; path = RightAlignedCollectionViewCell.swift; sourceTree = "<group>"; };
		77BE570A1B17B4A400E88630 /* PlayerModel.swift */ = {isa = PBXFileReference; fileEncoding = 4; lastKnownFileType = sourcecode.swift; path = PlayerModel.swift; sourceTree = "<group>"; };
		77D69B481B16394E0053EB10 /* MatchCard.app */ = {isa = PBXFileReference; explicitFileType = wrapper.application; includeInIndex = 0; path = MatchCard.app; sourceTree = BUILT_PRODUCTS_DIR; };
		77D69B4C1B16394E0053EB10 /* Info.plist */ = {isa = PBXFileReference; lastKnownFileType = text.plist.xml; path = Info.plist; sourceTree = "<group>"; };
		77D69B4D1B16394E0053EB10 /* AppDelegate.swift */ = {isa = PBXFileReference; lastKnownFileType = sourcecode.swift; path = AppDelegate.swift; sourceTree = "<group>"; };
		77D69B521B16394E0053EB10 /* Base */ = {isa = PBXFileReference; lastKnownFileType = file.storyboard; name = Base; path = Base.lproj/Main.storyboard; sourceTree = "<group>"; };
		77D69B541B16394E0053EB10 /* Images.xcassets */ = {isa = PBXFileReference; lastKnownFileType = folder.assetcatalog; path = Images.xcassets; sourceTree = "<group>"; };
		77D69B571B16394E0053EB10 /* Base */ = {isa = PBXFileReference; lastKnownFileType = file.xib; name = Base; path = Base.lproj/LaunchScreen.xib; sourceTree = "<group>"; };
		77D69B5D1B16394E0053EB10 /* MatchCardTests.xctest */ = {isa = PBXFileReference; explicitFileType = wrapper.cfbundle; includeInIndex = 0; path = MatchCardTests.xctest; sourceTree = BUILT_PRODUCTS_DIR; };
		77D69B621B16394E0053EB10 /* Info.plist */ = {isa = PBXFileReference; lastKnownFileType = text.plist.xml; path = Info.plist; sourceTree = "<group>"; };
		77D69B631B16394E0053EB10 /* MatchCardTests.swift */ = {isa = PBXFileReference; lastKnownFileType = sourcecode.swift; path = MatchCardTests.swift; sourceTree = "<group>"; };
		77EB9D911B224B1E00DD93D9 /* MatchEntryCell.swift */ = {isa = PBXFileReference; fileEncoding = 4; lastKnownFileType = sourcecode.swift; path = MatchEntryCell.swift; sourceTree = "<group>"; };
		77EB9D931B225A4B00DD93D9 /* MatchCardViewController.swift */ = {isa = PBXFileReference; fileEncoding = 4; lastKnownFileType = sourcecode.swift; path = MatchCardViewController.swift; sourceTree = "<group>"; };
		77EFCA371B1BEAFC00779BAF /* MatchCardModel.swift */ = {isa = PBXFileReference; fileEncoding = 4; lastKnownFileType = sourcecode.swift; path = MatchCardModel.swift; sourceTree = "<group>"; };
		77FA4B471B277D4E0093C5CB /* MatchEntryEditLayout.swift */ = {isa = PBXFileReference; fileEncoding = 4; lastKnownFileType = sourcecode.swift; path = MatchEntryEditLayout.swift; sourceTree = "<group>"; };
		77FA4B4B1B278AD50093C5CB /* CaretlessTextField.swift */ = {isa = PBXFileReference; fileEncoding = 4; lastKnownFileType = sourcecode.swift; path = CaretlessTextField.swift; sourceTree = "<group>"; };
		B927FA666368235DAA5E4C56 /* Pods-MatchCard.debug.xcconfig */ = {isa = PBXFileReference; includeInIndex = 1; lastKnownFileType = text.xcconfig; name = "Pods-MatchCard.debug.xcconfig"; path = "Pods/Target Support Files/Pods-MatchCard/Pods-MatchCard.debug.xcconfig"; sourceTree = "<group>"; };
		C8FD260B4B1249FB3F441E3F /* Pods_MatchCard.framework */ = {isa = PBXFileReference; explicitFileType = wrapper.framework; includeInIndex = 0; path = Pods_MatchCard.framework; sourceTree = BUILT_PRODUCTS_DIR; };
/* End PBXFileReference section */

/* Begin PBXFrameworksBuildPhase section */
		77D69B451B16394E0053EB10 /* Frameworks */ = {
			isa = PBXFrameworksBuildPhase;
			buildActionMask = 2147483647;
			files = (
				B543514E4F1418C41BDAC0EA /* Pods_MatchCard.framework in Frameworks */,
			);
			runOnlyForDeploymentPostprocessing = 0;
		};
		77D69B5A1B16394E0053EB10 /* Frameworks */ = {
			isa = PBXFrameworksBuildPhase;
			buildActionMask = 2147483647;
			files = (
			);
			runOnlyForDeploymentPostprocessing = 0;
		};
/* End PBXFrameworksBuildPhase section */

/* Begin PBXGroup section */
		773BC1021B39B7060062CC4C /* Headers */ = {
			isa = PBXGroup;
			children = (
				773BC1031B39B7700062CC4C /* MatchHeaderReusableView.swift */,
				773BC1051B39B8320062CC4C /* MatchHeaderReusableView.xib */,
				777A7A251B3B1CFD00FF9342 /* ScoreHeaderReusableView.swift */,
				777A7A271B3B1F3300FF9342 /* ScoreHeaderReusableView.xib */,
			);
			name = Headers;
			sourceTree = "<group>";
		};
		77ACC7A11B264FED0078C6FA /* Common */ = {
			isa = PBXGroup;
			children = (
				77FA4B4B1B278AD50093C5CB /* CaretlessTextField.swift */,
				7771CE811B283E0000EA3D09 /* Common.swift */,
				77BC54C41B1C9BC80046F3C4 /* RightAlignedCollectionViewCell.swift */,
			);
			name = Common;
			sourceTree = "<group>";
		};
		77BC54C31B1C99890046F3C4 /* Players */ = {
			isa = PBXGroup;
			children = (
				776DDC9C1B57F2B400AB571F /* MatchPlayersStandardLayout.swift */,
				770784B61B24725900C96B40 /* MatchPlayersReusableView.swift */,
				773BC0FC1B3395000062CC4C /* MatchPlayersReusableView.xib */,
				773BC1001B38A5DB0062CC4C /* PlayerViewCell.swift */,
				773BC0FE1B38A4390062CC4C /* PlayerViewCell.xib */,
			);
			name = Players;
			sourceTree = "<group>";
		};
		77BE57071B17A45300E88630 /* DataModel */ = {
			isa = PBXGroup;
			children = (
				7771D8821B3DA01300C24FF9 /* DataManager.swift */,
				779C79351B1F443900EE68AE /* PFObjectImaged.swift */,
				779C79311B1F394100EE68AE /* LeagueModel.swift */,
				779C79331B1F42C100EE68AE /* ClubModel.swift */,
				772F712E1B54541A00F1BDD1 /* ClubInLeagueModel.swift */,
				779C79371B1F46D600EE68AE /* TeamInClubModel.swift */,
				777B5E711B1F6E9400F19B8B /* TeamInMatchModel.swift */,
				77BE570A1B17B4A400E88630 /* PlayerModel.swift */,
				77A1A9581B594B6900C20835 /* PlayerInClubModel.swift */,
				7792F2E21B545F8D0007C0F2 /* PlayerInTeamModel.swift */,
				779864031B1CC7C400B3B748 /* PlayerInMatchModel.swift */,
				77EFCA371B1BEAFC00779BAF /* MatchCardModel.swift */,
				777B5E731B20BA7B00F19B8B /* MatchEntryModel.swift */,
			);
			name = DataModel;
			sourceTree = "<group>";
		};
		77D69B3F1B16394E0053EB10 = {
			isa = PBXGroup;
			children = (
				77D69B4A1B16394E0053EB10 /* MatchCard */,
				77D69B601B16394E0053EB10 /* MatchCardTests */,
				77D69B491B16394E0053EB10 /* Products */,
				B48A9EF4F6FEF4735E020DB6 /* Pods */,
				898FF5D0D149CA4846A472FB /* Frameworks */,
			);
			sourceTree = "<group>";
		};
		77D69B491B16394E0053EB10 /* Products */ = {
			isa = PBXGroup;
			children = (
				77D69B481B16394E0053EB10 /* MatchCard.app */,
				77D69B5D1B16394E0053EB10 /* MatchCardTests.xctest */,
			);
			name = Products;
			sourceTree = "<group>";
		};
		77D69B4A1B16394E0053EB10 /* MatchCard */ = {
			isa = PBXGroup;
			children = (
				77ACC7A11B264FED0078C6FA /* Common */,
				77F6A70A1B20E5C600ADDA57 /* MatchCard */,
				773BC1021B39B7060062CC4C /* Headers */,
				77BC54C31B1C99890046F3C4 /* Players */,
				77BE57071B17A45300E88630 /* DataModel */,
				77D69B4D1B16394E0053EB10 /* AppDelegate.swift */,
				77A446FC1B4193EC000C5A6B /* MenuItem.swift */,
				77A446F81B418C45000C5A6B /* ContainerViewController.swift */,
				77A446FA1B418D8C000C5A6B /* SidePanelViewController.swift */,
				77D69B511B16394E0053EB10 /* Main.storyboard */,
				77D69B541B16394E0053EB10 /* Images.xcassets */,
				77D69B561B16394E0053EB10 /* LaunchScreen.xib */,
				77D69B4B1B16394E0053EB10 /* Supporting Files */,
			);
			path = MatchCard;
			sourceTree = "<group>";
		};
		77D69B4B1B16394E0053EB10 /* Supporting Files */ = {
			isa = PBXGroup;
			children = (
				77BC54C21B1C8D0E0046F3C4 /* MatchCard-Bridging-Header.h */,
				77D69B4C1B16394E0053EB10 /* Info.plist */,
				7771CE7F1B283D5C00EA3D09 /* Config.plist */,
			);
			name = "Supporting Files";
			sourceTree = "<group>";
		};
		77D69B601B16394E0053EB10 /* MatchCardTests */ = {
			isa = PBXGroup;
			children = (
				77D69B631B16394E0053EB10 /* MatchCardTests.swift */,
				77D69B611B16394E0053EB10 /* Supporting Files */,
			);
			path = MatchCardTests;
			sourceTree = "<group>";
		};
		77D69B611B16394E0053EB10 /* Supporting Files */ = {
			isa = PBXGroup;
			children = (
				77D69B621B16394E0053EB10 /* Info.plist */,
			);
			name = "Supporting Files";
			sourceTree = "<group>";
		};
		77F6A70A1B20E5C600ADDA57 /* MatchCard */ = {
			isa = PBXGroup;
			children = (
				77EB9D911B224B1E00DD93D9 /* MatchEntryCell.swift */,
				77ACC7A41B2709CC0078C6FA /* MatchEntryCell.xib */,
				77FA4B471B277D4E0093C5CB /* MatchEntryEditLayout.swift */,
				770784B81B24EA1F00C96B40 /* MatchCardStandardLayout.swift */,
				77EB9D931B225A4B00DD93D9 /* MatchCardViewController.swift */,
			);
			name = MatchCard;
			sourceTree = "<group>";
		};
		898FF5D0D149CA4846A472FB /* Frameworks */ = {
			isa = PBXGroup;
			children = (
				C8FD260B4B1249FB3F441E3F /* Pods_MatchCard.framework */,
			);
			name = Frameworks;
			sourceTree = "<group>";
		};
		B48A9EF4F6FEF4735E020DB6 /* Pods */ = {
			isa = PBXGroup;
			children = (
				B927FA666368235DAA5E4C56 /* Pods-MatchCard.debug.xcconfig */,
				02EA6AD91C2F3833AAE93969 /* Pods-MatchCard.release.xcconfig */,
			);
			name = Pods;
			sourceTree = "<group>";
		};
/* End PBXGroup section */

/* Begin PBXNativeTarget section */
		77D69B471B16394E0053EB10 /* MatchCard */ = {
			isa = PBXNativeTarget;
			buildConfigurationList = 77D69B671B16394E0053EB10 /* Build configuration list for PBXNativeTarget "MatchCard" */;
			buildPhases = (
				404B401752317C1EB90ED504 /* Check Pods Manifest.lock */,
				77D69B441B16394E0053EB10 /* Sources */,
				77D69B451B16394E0053EB10 /* Frameworks */,
				77D69B461B16394E0053EB10 /* Resources */,
				E6F2D8F3B1328965734E14B3 /* Embed Pods Frameworks */,
				0ADFE77CABF6F1D864D25662 /* Copy Pods Resources */,
			);
			buildRules = (
			);
			dependencies = (
			);
			name = MatchCard;
			productName = MatchCard;
			productReference = 77D69B481B16394E0053EB10 /* MatchCard.app */;
			productType = "com.apple.product-type.application";
		};
		77D69B5C1B16394E0053EB10 /* MatchCardTests */ = {
			isa = PBXNativeTarget;
			buildConfigurationList = 77D69B6A1B16394E0053EB10 /* Build configuration list for PBXNativeTarget "MatchCardTests" */;
			buildPhases = (
				77D69B591B16394E0053EB10 /* Sources */,
				77D69B5A1B16394E0053EB10 /* Frameworks */,
				77D69B5B1B16394E0053EB10 /* Resources */,
			);
			buildRules = (
			);
			dependencies = (
				77D69B5F1B16394E0053EB10 /* PBXTargetDependency */,
			);
			name = MatchCardTests;
			productName = MatchCardTests;
			productReference = 77D69B5D1B16394E0053EB10 /* MatchCardTests.xctest */;
			productType = "com.apple.product-type.bundle.unit-test";
		};
/* End PBXNativeTarget section */

/* Begin PBXProject section */
		77D69B401B16394E0053EB10 /* Project object */ = {
			isa = PBXProject;
			attributes = {
				LastUpgradeCheck = 0630;
				ORGANIZATIONNAME = "EDGARDO AGNO";
				TargetAttributes = {
					77D69B471B16394E0053EB10 = {
						CreatedOnToolsVersion = 6.3.1;
					};
					77D69B5C1B16394E0053EB10 = {
						CreatedOnToolsVersion = 6.3.1;
						TestTargetID = 77D69B471B16394E0053EB10;
					};
				};
			};
			buildConfigurationList = 77D69B431B16394E0053EB10 /* Build configuration list for PBXProject "MatchCard" */;
			compatibilityVersion = "Xcode 3.2";
			developmentRegion = English;
			hasScannedForEncodings = 0;
			knownRegions = (
				en,
				Base,
			);
			mainGroup = 77D69B3F1B16394E0053EB10;
			productRefGroup = 77D69B491B16394E0053EB10 /* Products */;
			projectDirPath = "";
			projectRoot = "";
			targets = (
				77D69B471B16394E0053EB10 /* MatchCard */,
				77D69B5C1B16394E0053EB10 /* MatchCardTests */,
			);
		};
/* End PBXProject section */

/* Begin PBXResourcesBuildPhase section */
		77D69B461B16394E0053EB10 /* Resources */ = {
			isa = PBXResourcesBuildPhase;
			buildActionMask = 2147483647;
			files = (
				773BC1061B39B8320062CC4C /* MatchHeaderReusableView.xib in Resources */,
				777A7A281B3B1F3400FF9342 /* ScoreHeaderReusableView.xib in Resources */,
				773BC0FD1B3395000062CC4C /* MatchPlayersReusableView.xib in Resources */,
				77D69B531B16394E0053EB10 /* Main.storyboard in Resources */,
				773BC0FF1B38A4390062CC4C /* PlayerViewCell.xib in Resources */,
				77ACC7A51B2709CC0078C6FA /* MatchEntryCell.xib in Resources */,
				77D69B581B16394E0053EB10 /* LaunchScreen.xib in Resources */,
				7771CE801B283D5C00EA3D09 /* Config.plist in Resources */,
				77D69B551B16394E0053EB10 /* Images.xcassets in Resources */,
			);
			runOnlyForDeploymentPostprocessing = 0;
		};
		77D69B5B1B16394E0053EB10 /* Resources */ = {
			isa = PBXResourcesBuildPhase;
			buildActionMask = 2147483647;
			files = (
			);
			runOnlyForDeploymentPostprocessing = 0;
		};
/* End PBXResourcesBuildPhase section */

/* Begin PBXShellScriptBuildPhase section */
		0ADFE77CABF6F1D864D25662 /* Copy Pods Resources */ = {
			isa = PBXShellScriptBuildPhase;
			buildActionMask = 2147483647;
			files = (
			);
			inputPaths = (
			);
			name = "Copy Pods Resources";
			outputPaths = (
			);
			runOnlyForDeploymentPostprocessing = 0;
			shellPath = /bin/sh;
			shellScript = "\"${SRCROOT}/Pods/Target Support Files/Pods-MatchCard/Pods-MatchCard-resources.sh\"\n";
			showEnvVarsInLog = 0;
		};
		404B401752317C1EB90ED504 /* Check Pods Manifest.lock */ = {
			isa = PBXShellScriptBuildPhase;
			buildActionMask = 2147483647;
			files = (
			);
			inputPaths = (
			);
			name = "Check Pods Manifest.lock";
			outputPaths = (
			);
			runOnlyForDeploymentPostprocessing = 0;
			shellPath = /bin/sh;
			shellScript = "diff \"${PODS_ROOT}/../Podfile.lock\" \"${PODS_ROOT}/Manifest.lock\" > /dev/null\nif [[ $? != 0 ]] ; then\n    cat << EOM\nerror: The sandbox is not in sync with the Podfile.lock. Run 'pod install' or update your CocoaPods installation.\nEOM\n    exit 1\nfi\n";
			showEnvVarsInLog = 0;
		};
		E6F2D8F3B1328965734E14B3 /* Embed Pods Frameworks */ = {
			isa = PBXShellScriptBuildPhase;
			buildActionMask = 2147483647;
			files = (
			);
			inputPaths = (
			);
			name = "Embed Pods Frameworks";
			outputPaths = (
			);
			runOnlyForDeploymentPostprocessing = 0;
			shellPath = /bin/sh;
			shellScript = "\"${SRCROOT}/Pods/Target Support Files/Pods-MatchCard/Pods-MatchCard-frameworks.sh\"\n";
			showEnvVarsInLog = 0;
		};
/* End PBXShellScriptBuildPhase section */

/* Begin PBXSourcesBuildPhase section */
		77D69B441B16394E0053EB10 /* Sources */ = {
			isa = PBXSourcesBuildPhase;
			buildActionMask = 2147483647;
			files = (
				770784B91B24EA1F00C96B40 /* MatchCardStandardLayout.swift in Sources */,
				779C79321B1F394100EE68AE /* LeagueModel.swift in Sources */,
				77A446F91B418C45000C5A6B /* ContainerViewController.swift in Sources */,
				779864041B1CC7C400B3B748 /* PlayerInMatchModel.swift in Sources */,
				779C79341B1F42C100EE68AE /* ClubModel.swift in Sources */,
				777B5E741B20BA7B00F19B8B /* MatchEntryModel.swift in Sources */,
				77EFCA381B1BEAFC00779BAF /* MatchCardModel.swift in Sources */,
				77A1A9591B594B6900C20835 /* PlayerInClubModel.swift in Sources */,
				7792F2E31B545F8D0007C0F2 /* PlayerInTeamModel.swift in Sources */,
				77EB9D941B225A4B00DD93D9 /* MatchCardViewController.swift in Sources */,
				77A446FB1B418D8C000C5A6B /* SidePanelViewController.swift in Sources */,
				77BE570B1B17B4A400E88630 /* PlayerModel.swift in Sources */,
				779C79361B1F443900EE68AE /* PFObjectImaged.swift in Sources */,
				772F712F1B54541A00F1BDD1 /* ClubInLeagueModel.swift in Sources */,
				777A7A261B3B1CFD00FF9342 /* ScoreHeaderReusableView.swift in Sources */,
				779C79381B1F46D600EE68AE /* TeamInClubModel.swift in Sources */,
				77FA4B481B277D4E0093C5CB /* MatchEntryEditLayout.swift in Sources */,
				7771CE821B283E0000EA3D09 /* Common.swift in Sources */,
				777B5E721B1F6E9400F19B8B /* TeamInMatchModel.swift in Sources */,
				776DDC9D1B57F2B400AB571F /* MatchPlayersStandardLayout.swift in Sources */,
				77A446FD1B4193EC000C5A6B /* MenuItem.swift in Sources */,
				77FA4B4C1B278AD50093C5CB /* CaretlessTextField.swift in Sources */,
				77D69B4E1B16394E0053EB10 /* AppDelegate.swift in Sources */,
				773BC1011B38A5DB0062CC4C /* PlayerViewCell.swift in Sources */,
				77EB9D921B224B1E00DD93D9 /* MatchEntryCell.swift in Sources */,
				770784B71B24725900C96B40 /* MatchPlayersReusableView.swift in Sources */,
				7771D8831B3DA01300C24FF9 /* DataManager.swift in Sources */,
				77BC54C51B1C9BC80046F3C4 /* RightAlignedCollectionViewCell.swift in Sources */,
				773BC1041B39B7700062CC4C /* MatchHeaderReusableView.swift in Sources */,
			);
			runOnlyForDeploymentPostprocessing = 0;
		};
		77D69B591B16394E0053EB10 /* Sources */ = {
			isa = PBXSourcesBuildPhase;
			buildActionMask = 2147483647;
			files = (
				77D69B641B16394E0053EB10 /* MatchCardTests.swift in Sources */,
			);
			runOnlyForDeploymentPostprocessing = 0;
		};
/* End PBXSourcesBuildPhase section */

/* Begin PBXTargetDependency section */
		77D69B5F1B16394E0053EB10 /* PBXTargetDependency */ = {
			isa = PBXTargetDependency;
			target = 77D69B471B16394E0053EB10 /* MatchCard */;
			targetProxy = 77D69B5E1B16394E0053EB10 /* PBXContainerItemProxy */;
		};
/* End PBXTargetDependency section */

/* Begin PBXVariantGroup section */
		77D69B511B16394E0053EB10 /* Main.storyboard */ = {
			isa = PBXVariantGroup;
			children = (
				77D69B521B16394E0053EB10 /* Base */,
			);
			name = Main.storyboard;
			sourceTree = "<group>";
		};
		77D69B561B16394E0053EB10 /* LaunchScreen.xib */ = {
			isa = PBXVariantGroup;
			children = (
				77D69B571B16394E0053EB10 /* Base */,
			);
			name = LaunchScreen.xib;
			sourceTree = "<group>";
		};
/* End PBXVariantGroup section */

/* Begin XCBuildConfiguration section */
		77D69B651B16394E0053EB10 /* Debug */ = {
			isa = XCBuildConfiguration;
			buildSettings = {
				ALWAYS_SEARCH_USER_PATHS = NO;
				CLANG_CXX_LANGUAGE_STANDARD = "gnu++0x";
				CLANG_CXX_LIBRARY = "libc++";
				CLANG_ENABLE_MODULES = YES;
				CLANG_ENABLE_OBJC_ARC = YES;
				CLANG_WARN_BOOL_CONVERSION = YES;
				CLANG_WARN_CONSTANT_CONVERSION = YES;
				CLANG_WARN_DIRECT_OBJC_ISA_USAGE = YES_ERROR;
				CLANG_WARN_EMPTY_BODY = YES;
				CLANG_WARN_ENUM_CONVERSION = YES;
				CLANG_WARN_INT_CONVERSION = YES;
				CLANG_WARN_OBJC_ROOT_CLASS = YES_ERROR;
				CLANG_WARN_UNREACHABLE_CODE = YES;
				CLANG_WARN__DUPLICATE_METHOD_MATCH = YES;
				"CODE_SIGN_IDENTITY[sdk=iphoneos*]" = "iPhone Developer";
				COPY_PHASE_STRIP = NO;
				DEBUG_INFORMATION_FORMAT = "dwarf-with-dsym";
				ENABLE_STRICT_OBJC_MSGSEND = YES;
				GCC_C_LANGUAGE_STANDARD = gnu99;
				GCC_DYNAMIC_NO_PIC = NO;
				GCC_NO_COMMON_BLOCKS = YES;
				GCC_OPTIMIZATION_LEVEL = 0;
				GCC_PREPROCESSOR_DEFINITIONS = (
					"DEBUG=1",
					"$(inherited)",
				);
				GCC_SYMBOLS_PRIVATE_EXTERN = NO;
				GCC_WARN_64_TO_32_BIT_CONVERSION = YES;
				GCC_WARN_ABOUT_RETURN_TYPE = YES_ERROR;
				GCC_WARN_UNDECLARED_SELECTOR = YES;
				GCC_WARN_UNINITIALIZED_AUTOS = YES_AGGRESSIVE;
				GCC_WARN_UNUSED_FUNCTION = YES;
				GCC_WARN_UNUSED_VARIABLE = YES;
				IPHONEOS_DEPLOYMENT_TARGET = 8.3;
				MTL_ENABLE_DEBUG_INFO = YES;
				ONLY_ACTIVE_ARCH = YES;
				SDKROOT = iphoneos;
				SWIFT_OPTIMIZATION_LEVEL = "-Onone";
			};
			name = Debug;
		};
		77D69B661B16394E0053EB10 /* Release */ = {
			isa = XCBuildConfiguration;
			buildSettings = {
				ALWAYS_SEARCH_USER_PATHS = NO;
				CLANG_CXX_LANGUAGE_STANDARD = "gnu++0x";
				CLANG_CXX_LIBRARY = "libc++";
				CLANG_ENABLE_MODULES = YES;
				CLANG_ENABLE_OBJC_ARC = YES;
				CLANG_WARN_BOOL_CONVERSION = YES;
				CLANG_WARN_CONSTANT_CONVERSION = YES;
				CLANG_WARN_DIRECT_OBJC_ISA_USAGE = YES_ERROR;
				CLANG_WARN_EMPTY_BODY = YES;
				CLANG_WARN_ENUM_CONVERSION = YES;
				CLANG_WARN_INT_CONVERSION = YES;
				CLANG_WARN_OBJC_ROOT_CLASS = YES_ERROR;
				CLANG_WARN_UNREACHABLE_CODE = YES;
				CLANG_WARN__DUPLICATE_METHOD_MATCH = YES;
				"CODE_SIGN_IDENTITY[sdk=iphoneos*]" = "iPhone Developer";
				COPY_PHASE_STRIP = NO;
				DEBUG_INFORMATION_FORMAT = "dwarf-with-dsym";
				ENABLE_NS_ASSERTIONS = NO;
				ENABLE_STRICT_OBJC_MSGSEND = YES;
				GCC_C_LANGUAGE_STANDARD = gnu99;
				GCC_NO_COMMON_BLOCKS = YES;
				GCC_WARN_64_TO_32_BIT_CONVERSION = YES;
				GCC_WARN_ABOUT_RETURN_TYPE = YES_ERROR;
				GCC_WARN_UNDECLARED_SELECTOR = YES;
				GCC_WARN_UNINITIALIZED_AUTOS = YES_AGGRESSIVE;
				GCC_WARN_UNUSED_FUNCTION = YES;
				GCC_WARN_UNUSED_VARIABLE = YES;
				IPHONEOS_DEPLOYMENT_TARGET = 8.3;
				MTL_ENABLE_DEBUG_INFO = NO;
				SDKROOT = iphoneos;
				VALIDATE_PRODUCT = YES;
			};
			name = Release;
		};
		77D69B681B16394E0053EB10 /* Debug */ = {
			isa = XCBuildConfiguration;
			baseConfigurationReference = B927FA666368235DAA5E4C56 /* Pods-MatchCard.debug.xcconfig */;
			buildSettings = {
				ASSETCATALOG_COMPILER_APPICON_NAME = AppIcon;
				CLANG_ENABLE_MODULES = YES;
				INFOPLIST_FILE = MatchCard/Info.plist;
				LD_RUNPATH_SEARCH_PATHS = "$(inherited) @executable_path/Frameworks";
				PRODUCT_NAME = "$(TARGET_NAME)";
				SWIFT_OBJC_BRIDGING_HEADER = "MatchCard/MatchCard-Bridging-Header.h";
				SWIFT_OPTIMIZATION_LEVEL = "-Onone";
			};
			name = Debug;
		};
		77D69B691B16394E0053EB10 /* Release */ = {
			isa = XCBuildConfiguration;
			baseConfigurationReference = 02EA6AD91C2F3833AAE93969 /* Pods-MatchCard.release.xcconfig */;
			buildSettings = {
				ASSETCATALOG_COMPILER_APPICON_NAME = AppIcon;
				CLANG_ENABLE_MODULES = YES;
				INFOPLIST_FILE = MatchCard/Info.plist;
				LD_RUNPATH_SEARCH_PATHS = "$(inherited) @executable_path/Frameworks";
				PRODUCT_NAME = "$(TARGET_NAME)";
				SWIFT_OBJC_BRIDGING_HEADER = "MatchCard/MatchCard-Bridging-Header.h";
			};
			name = Release;
		};
		77D69B6B1B16394E0053EB10 /* Debug */ = {
			isa = XCBuildConfiguration;
			buildSettings = {
				BUNDLE_LOADER = "$(TEST_HOST)";
				FRAMEWORK_SEARCH_PATHS = (
					"$(SDKROOT)/Developer/Library/Frameworks",
					"$(inherited)",
				);
				GCC_PREPROCESSOR_DEFINITIONS = (
					"DEBUG=1",
					"$(inherited)",
				);
				INFOPLIST_FILE = MatchCardTests/Info.plist;
				LD_RUNPATH_SEARCH_PATHS = "$(inherited) @executable_path/Frameworks @loader_path/Frameworks";
				PRODUCT_NAME = "$(TARGET_NAME)";
				TEST_HOST = "$(BUILT_PRODUCTS_DIR)/MatchCard.app/MatchCard";
			};
			name = Debug;
		};
		77D69B6C1B16394E0053EB10 /* Release */ = {
			isa = XCBuildConfiguration;
			buildSettings = {
				BUNDLE_LOADER = "$(TEST_HOST)";
				FRAMEWORK_SEARCH_PATHS = (
					"$(SDKROOT)/Developer/Library/Frameworks",
					"$(inherited)",
				);
				INFOPLIST_FILE = MatchCardTests/Info.plist;
				LD_RUNPATH_SEARCH_PATHS = "$(inherited) @executable_path/Frameworks @loader_path/Frameworks";
				PRODUCT_NAME = "$(TARGET_NAME)";
				TEST_HOST = "$(BUILT_PRODUCTS_DIR)/MatchCard.app/MatchCard";
			};
			name = Release;
		};
/* End XCBuildConfiguration section */

/* Begin XCConfigurationList section */
		77D69B431B16394E0053EB10 /* Build configuration list for PBXProject "MatchCard" */ = {
			isa = XCConfigurationList;
			buildConfigurations = (
				77D69B651B16394E0053EB10 /* Debug */,
				77D69B661B16394E0053EB10 /* Release */,
			);
			defaultConfigurationIsVisible = 0;
			defaultConfigurationName = Release;
		};
		77D69B671B16394E0053EB10 /* Build configuration list for PBXNativeTarget "MatchCard" */ = {
			isa = XCConfigurationList;
			buildConfigurations = (
				77D69B681B16394E0053EB10 /* Debug */,
				77D69B691B16394E0053EB10 /* Release */,
			);
			defaultConfigurationIsVisible = 0;
			defaultConfigurationName = Release;
		};
		77D69B6A1B16394E0053EB10 /* Build configuration list for PBXNativeTarget "MatchCardTests" */ = {
			isa = XCConfigurationList;
			buildConfigurations = (
				77D69B6B1B16394E0053EB10 /* Debug */,
				77D69B6C1B16394E0053EB10 /* Release */,
			);
			defaultConfigurationIsVisible = 0;
			defaultConfigurationName = Release;
		};
/* End XCConfigurationList section */
	};
	rootObject = 77D69B401B16394E0053EB10 /* Project object */;
}
